
Microsoft Visual Studio Solution File, Format Version 11.00
# Visual Studio 2010
Project("{FAE04EC0-301F-11D3-BF4B-00C04F79EFBC}") = "CartaAniversarioBusinessApp", "CartaAniversarioBusinessApp\CartaAniversarioBusinessApp.csproj", "{F680D34E-4926-416A-B35F-B9B398A3D59C}"
EndProject
Project("{FAE04EC0-301F-11D3-BF4B-00C04F79EFBC}") = "CartaAniversarioDesktopApp", "CartaAniversarioDesktopApp\CartaAniversarioDesktopApp.csproj", "{F9E44C3D-B760-4AA7-89F7-516581D9C57C}"
	ProjectSection(ProjectDependencies) = postProject
		{F680D34E-4926-416A-B35F-B9B398A3D59C} = {F680D34E-4926-416A-B35F-B9B398A3D59C}
	EndProjectSection
EndProject
Project("{FAE04EC0-301F-11D3-BF4B-00C04F79EFBC}") = "CartaAniversarioWebApp", "CartaAniversarioWebApp\CartaAniversarioWebApp.csproj", "{6FDBE538-FE26-4DB6-8DAD-A7F25C926013}"
EndProject
Global
	GlobalSection(SolutionConfigurationPlatforms) = preSolution
		Debug|Any CPU = Debug|Any CPU
		Debug|Mixed Platforms = Debug|Mixed Platforms
		Debug|x86 = Debug|x86
		Release|Any CPU = Release|Any CPU
		Release|Mixed Platforms = Release|Mixed Platforms
		Release|x86 = Release|x86
	EndGlobalSection
	GlobalSection(ProjectConfigurationPlatforms) = postSolution
		{F680D34E-4926-416A-B35F-B9B398A3D59C}.Debug|Any CPU.ActiveCfg = Debug|Any CPU
		{F680D34E-4926-416A-B35F-B9B398A3D59C}.Debug|Any CPU.Build.0 = Debug|Any CPU
		{F680D34E-4926-416A-B35F-B9B398A3D59C}.Debug|Mixed Platforms.ActiveCfg = Debug|Any CPU
		{F680D34E-4926-416A-B35F-B9B398A3D59C}.Debug|Mixed Platforms.Build.0 = Debug|Any CPU
		{F680D34E-4926-416A-B35F-B9B398A3D59C}.Debug|x86.ActiveCfg = Debug|Any CPU
		{F680D34E-4926-416A-B35F-B9B398A3D59C}.Release|Any CPU.ActiveCfg = Release|Any CPU
		{F680D34E-4926-416A-B35F-B9B398A3D59C}.Release|Any CPU.Build.0 = Release|Any CPU
		{F680D34E-4926-416A-B35F-B9B398A3D59C}.Release|Mixed Platforms.ActiveCfg = Release|Any CPU
		{F680D34E-4926-416A-B35F-B9B398A3D59C}.Release|Mixed Platforms.Build.0 = Release|Any CPU
		{F680D34E-4926-416A-B35F-B9B398A3D59C}.Release|x86.ActiveCfg = Release|Any CPU
		{F9E44C3D-B760-4AA7-89F7-516581D9C57C}.Debug|Any CPU.ActiveCfg = Debug|x86
		{F9E44C3D-B760-4AA7-89F7-516581D9C57C}.Debug|Mixed Platforms.ActiveCfg = Debug|x86
		{F9E44C3D-B760-4AA7-89F7-516581D9C57C}.Debug|Mixed Platforms.Build.0 = Debug|x86
		{F9E44C3D-B760-4AA7-89F7-516581D9C57C}.Debug|x86.ActiveCfg = Debug|x86
		{F9E44C3D-B760-4AA7-89F7-516581D9C57C}.Debug|x86.Build.0 = Debug|x86
		{F9E44C3D-B760-4AA7-89F7-516581D9C57C}.Release|Any CPU.ActiveCfg = Release|x86
		{F9E44C3D-B760-4AA7-89F7-516581D9C57C}.Release|Mixed Platforms.ActiveCfg = Release|x86
		{F9E44C3D-B760-4AA7-89F7-516581D9C57C}.Release|Mixed Platforms.Build.0 = Release|x86
		{F9E44C3D-B760-4AA7-89F7-516581D9C57C}.Release|x86.ActiveCfg = Release|x86
		{F9E44C3D-B760-4AA7-89F7-516581D9C57C}.Release|x86.Build.0 = Release|x86
		{6FDBE538-FE26-4DB6-8DAD-A7F25C926013}.Debug|Any CPU.ActiveCfg = Debug|Any CPU
		{6FDBE538-FE26-4DB6-8DAD-A7F25C926013}.Debug|Any CPU.Build.0 = Debug|Any CPU
		{6FDBE538-FE26-4DB6-8DAD-A7F25C926013}.Debug|Mixed Platforms.ActiveCfg = Debug|Any CPU
		{6FDBE538-FE26-4DB6-8DAD-A7F25C926013}.Debug|Mixed Platforms.Build.0 = Debug|Any CPU
		{6FDBE538-FE26-4DB6-8DAD-A7F25C926013}.Debug|x86.ActiveCfg = Debug|Any CPU
		{6FDBE538-FE26-4DB6-8DAD-A7F25C926013}.Release|Any CPU.ActiveCfg = Release|Any CPU
		{6FDBE538-FE26-4DB6-8DAD-A7F25C926013}.Release|Any CPU.Build.0 = Release|Any CPU
		{6FDBE538-FE26-4DB6-8DAD-A7F25C926013}.Release|Mixed Platforms.ActiveCfg = Release|Any CPU
		{6FDBE538-FE26-4DB6-8DAD-A7F25C926013}.Release|Mixed Platforms.Build.0 = Release|Any CPU
		{6FDBE538-FE26-4DB6-8DAD-A7F25C926013}.Release|x86.ActiveCfg = Release|Any CPU
	EndGlobalSection
	GlobalSection(SolutionProperties) = preSolution
		HideSolutionNode = FALSE
	EndGlobalSection
EndGlobal
